// !$*UTF8*$!
{
	archiveVersion = 1;
	classes = {
	};
	objectVersion = 50;
	objects = {

/* Begin PBXBuildFile section */
		B931AE21231413FD002846C1 /* Card.swift in Sources */ = {isa = PBXBuildFile; fileRef = B931AE20231413FD002846C1 /* Card.swift */; };
		B931AE232314157C002846C1 /* Concentration.swift in Sources */ = {isa = PBXBuildFile; fileRef = B931AE222314157C002846C1 /* Concentration.swift */; };
		B9B40791231256F100004756 /* AppDelegate.swift in Sources */ = {isa = PBXBuildFile; fileRef = B9B40790231256F100004756 /* AppDelegate.swift */; };
		B9B40793231256F100004756 /* ViewController.swift in Sources */ = {isa = PBXBuildFile; fileRef = B9B40792231256F100004756 /* ViewController.swift */; };
		B9B40796231256F100004756 /* Main.storyboard in Resources */ = {isa = PBXBuildFile; fileRef = B9B40794231256F100004756 /* Main.storyboard */; };
		B9B40798231256F300004756 /* Assets.xcassets in Resources */ = {isa = PBXBuildFile; fileRef = B9B40797231256F300004756 /* Assets.xcassets */; };
		B9B4079B231256F300004756 /* LaunchScreen.storyboard in Resources */ = {isa = PBXBuildFile; fileRef = B9B40799231256F300004756 /* LaunchScreen.storyboard */; };
		B9B407A6231256F300004756 /* concentrationTests.swift in Sources */ = {isa = PBXBuildFile; fileRef = B9B407A5231256F300004756 /* concentrationTests.swift */; };
		B9B407B1231256F300004756 /* concentrationUITests.swift in Sources */ = {isa = PBXBuildFile; fileRef = B9B407B0231256F300004756 /* concentrationUITests.swift */; };
/* End PBXBuildFile section */

/* Begin PBXContainerItemProxy section */
		B9B407A2231256F300004756 /* PBXContainerItemProxy */ = {
			isa = PBXContainerItemProxy;
			containerPortal = B9B40785231256F100004756 /* Project object */;
			proxyType = 1;
			remoteGlobalIDString = B9B4078C231256F100004756;
			remoteInfo = concentration;
		};
		B9B407AD231256F300004756 /* PBXContainerItemProxy */ = {
			isa = PBXContainerItemProxy;
			containerPortal = B9B40785231256F100004756 /* Project object */;
			proxyType = 1;
			remoteGlobalIDString = B9B4078C231256F100004756;
			remoteInfo = concentration;
		};
/* End PBXContainerItemProxy section */

/* Begin PBXFileReference section */
		B931AE20231413FD002846C1 /* Card.swift */ = {isa = PBXFileReference; lastKnownFileType = sourcecode.swift; name = Card.swift; path = model/Card.swift; sourceTree = "<group>"; };
		B931AE222314157C002846C1 /* Concentration.swift */ = {isa = PBXFileReference; lastKnownFileType = sourcecode.swift; name = Concentration.swift; path = model/Concentration.swift; sourceTree = "<group>"; };
		B9B4078D231256F100004756 /* concentration.app */ = {isa = PBXFileReference; explicitFileType = wrapper.application; includeInIndex = 0; path = concentration.app; sourceTree = BUILT_PRODUCTS_DIR; };
		B9B40790231256F100004756 /* AppDelegate.swift */ = {isa = PBXFileReference; lastKnownFileType = sourcecode.swift; path = AppDelegate.swift; sourceTree = "<group>"; };
		B9B40792231256F100004756 /* ViewController.swift */ = {isa = PBXFileReference; lastKnownFileType = sourcecode.swift; path = ViewController.swift; sourceTree = "<group>"; };
		B9B40795231256F100004756 /* Base */ = {isa = PBXFileReference; lastKnownFileType = file.storyboard; name = Base; path = Base.lproj/Main.storyboard; sourceTree = "<group>"; };
		B9B40797231256F300004756 /* Assets.xcassets */ = {isa = PBXFileReference; lastKnownFileType = folder.assetcatalog; path = Assets.xcassets; sourceTree = "<group>"; };
		B9B4079A231256F300004756 /* Base */ = {isa = PBXFileReference; lastKnownFileType = file.storyboard; name = Base; path = Base.lproj/LaunchScreen.storyboard; sourceTree = "<group>"; };
		B9B4079C231256F300004756 /* Info.plist */ = {isa = PBXFileReference; lastKnownFileType = text.plist.xml; path = Info.plist; sourceTree = "<group>"; };
		B9B407A1231256F300004756 /* concentrationTests.xctest */ = {isa = PBXFileReference; explicitFileType = wrapper.cfbundle; includeInIndex = 0; path = concentrationTests.xctest; sourceTree = BUILT_PRODUCTS_DIR; };
		B9B407A5231256F300004756 /* concentrationTests.swift */ = {isa = PBXFileReference; lastKnownFileType = sourcecode.swift; path = concentrationTests.swift; sourceTree = "<group>"; };
		B9B407A7231256F300004756 /* Info.plist */ = {isa = PBXFileReference; lastKnownFileType = text.plist.xml; path = Info.plist; sourceTree = "<group>"; };
		B9B407AC231256F300004756 /* concentrationUITests.xctest */ = {isa = PBXFileReference; explicitFileType = wrapper.cfbundle; includeInIndex = 0; path = concentrationUITests.xctest; sourceTree = BUILT_PRODUCTS_DIR; };
		B9B407B0231256F300004756 /* concentrationUITests.swift */ = {isa = PBXFileReference; lastKnownFileType = sourcecode.swift; path = concentrationUITests.swift; sourceTree = "<group>"; };
		B9B407B2231256F300004756 /* Info.plist */ = {isa = PBXFileReference; lastKnownFileType = text.plist.xml; path = Info.plist; sourceTree = "<group>"; };
/* End PBXFileReference section */

/* Begin PBXFrameworksBuildPhase section */
		B9B4078A231256F100004756 /* Frameworks */ = {
			isa = PBXFrameworksBuildPhase;
			buildActionMask = 2147483647;
			files = (
			);
			runOnlyForDeploymentPostprocessing = 0;
		};
		B9B4079E231256F300004756 /* Frameworks */ = {
			isa = PBXFrameworksBuildPhase;
			buildActionMask = 2147483647;
			files = (
			);
			runOnlyForDeploymentPostprocessing = 0;
		};
		B9B407A9231256F300004756 /* Frameworks */ = {
			isa = PBXFrameworksBuildPhase;
			buildActionMask = 2147483647;
			files = (
			);
			runOnlyForDeploymentPostprocessing = 0;
		};
/* End PBXFrameworksBuildPhase section */

/* Begin PBXGroup section */
		B9B40784231256F100004756 = {
			isa = PBXGroup;
			children = (
				B9B4078F231256F100004756 /* concentration */,
				B9B407A4231256F300004756 /* concentrationTests */,
				B9B407AF231256F300004756 /* concentrationUITests */,
				B9B4078E231256F100004756 /* Products */,
			);
			sourceTree = "<group>";
		};
		B9B4078E231256F100004756 /* Products */ = {
			isa = PBXGroup;
			children = (
				B9B4078D231256F100004756 /* concentration.app */,
				B9B407A1231256F300004756 /* concentrationTests.xctest */,
				B9B407AC231256F300004756 /* concentrationUITests.xctest */,
			);
			name = Products;
			sourceTree = "<group>";
		};
		B9B4078F231256F100004756 /* concentration */ = {
			isa = PBXGroup;
			children = (
				B9B407BE2312582100004756 /* supporting_files */,
				B9B40792231256F100004756 /* ViewController.swift */,
				B9B40794231256F100004756 /* Main.storyboard */,
				B9B4079C231256F300004756 /* Info.plist */,
				B931AE20231413FD002846C1 /* Card.swift */,
				B931AE222314157C002846C1 /* Concentration.swift */,
			);
			path = concentration;
			sourceTree = "<group>";
		};
		B9B407A4231256F300004756 /* concentrationTests */ = {
			isa = PBXGroup;
			children = (
				B9B407A5231256F300004756 /* concentrationTests.swift */,
				B9B407A7231256F300004756 /* Info.plist */,
			);
			path = concentrationTests;
			sourceTree = "<group>";
		};
		B9B407AF231256F300004756 /* concentrationUITests */ = {
			isa = PBXGroup;
			children = (
				B9B407B0231256F300004756 /* concentrationUITests.swift */,
				B9B407B2231256F300004756 /* Info.plist */,
			);
			path = concentrationUITests;
			sourceTree = "<group>";
		};
		B9B407BE2312582100004756 /* supporting_files */ = {
			isa = PBXGroup;
			children = (
				B9B40790231256F100004756 /* AppDelegate.swift */,
				B9B40797231256F300004756 /* Assets.xcassets */,
				B9B40799231256F300004756 /* LaunchScreen.storyboard */,
			);
			path = supporting_files;
			sourceTree = "<group>";
		};
/* End PBXGroup section */

/* Begin PBXNativeTarget section */
		B9B4078C231256F100004756 /* concentration */ = {
			isa = PBXNativeTarget;
			buildConfigurationList = B9B407B5231256F300004756 /* Build configuration list for PBXNativeTarget "concentration" */;
			buildPhases = (
				B9B40789231256F100004756 /* Sources */,
				B9B4078A231256F100004756 /* Frameworks */,
				B9B4078B231256F100004756 /* Resources */,
			);
			buildRules = (
			);
			dependencies = (
			);
			name = concentration;
			productName = concentration;
			productReference = B9B4078D231256F100004756 /* concentration.app */;
			productType = "com.apple.product-type.application";
		};
		B9B407A0231256F300004756 /* concentrationTests */ = {
			isa = PBXNativeTarget;
			buildConfigurationList = B9B407B8231256F300004756 /* Build configuration list for PBXNativeTarget "concentrationTests" */;
			buildPhases = (
				B9B4079D231256F300004756 /* Sources */,
				B9B4079E231256F300004756 /* Frameworks */,
				B9B4079F231256F300004756 /* Resources */,
			);
			buildRules = (
			);
			dependencies = (
				B9B407A3231256F300004756 /* PBXTargetDependency */,
			);
			name = concentrationTests;
			productName = concentrationTests;
			productReference = B9B407A1231256F300004756 /* concentrationTests.xctest */;
			productType = "com.apple.product-type.bundle.unit-test";
		};
		B9B407AB231256F300004756 /* concentrationUITests */ = {
			isa = PBXNativeTarget;
			buildConfigurationList = B9B407BB231256F300004756 /* Build configuration list for PBXNativeTarget "concentrationUITests" */;
			buildPhases = (
				B9B407A8231256F300004756 /* Sources */,
				B9B407A9231256F300004756 /* Frameworks */,
				B9B407AA231256F300004756 /* Resources */,
			);
			buildRules = (
			);
			dependencies = (
				B9B407AE231256F300004756 /* PBXTargetDependency */,
			);
			name = concentrationUITests;
			productName = concentrationUITests;
			productReference = B9B407AC231256F300004756 /* concentrationUITests.xctest */;
			productType = "com.apple.product-type.bundle.ui-testing";
		};
/* End PBXNativeTarget section */

/* Begin PBXProject section */
		B9B40785231256F100004756 /* Project object */ = {
			isa = PBXProject;
			attributes = {
				LastSwiftUpdateCheck = 1010;
				LastUpgradeCheck = 1010;
				ORGANIZATIONNAME = rexih;
				TargetAttributes = {
					B9B4078C231256F100004756 = {
						CreatedOnToolsVersion = 10.1;
					};
					B9B407A0231256F300004756 = {
						CreatedOnToolsVersion = 10.1;
						TestTargetID = B9B4078C231256F100004756;
					};
					B9B407AB231256F300004756 = {
						CreatedOnToolsVersion = 10.1;
						TestTargetID = B9B4078C231256F100004756;
					};
				};
			};
			buildConfigurationList = B9B40788231256F100004756 /* Build configuration list for PBXProject "concentration" */;
			compatibilityVersion = "Xcode 9.3";
			developmentRegion = en;
			hasScannedForEncodings = 0;
			knownRegions = (
				en,
				Base,
			);
			mainGroup = B9B40784231256F100004756;
			productRefGroup = B9B4078E231256F100004756 /* Products */;
			projectDirPath = "";
			projectRoot = "";
			targets = (
				B9B4078C231256F100004756 /* concentration */,
				B9B407A0231256F300004756 /* concentrationTests */,
				B9B407AB231256F300004756 /* concentrationUITests */,
			);
		};
/* End PBXProject section */

/* Begin PBXResourcesBuildPhase section */
		B9B4078B231256F100004756 /* Resources */ = {
			isa = PBXResourcesBuildPhase;
			buildActionMask = 2147483647;
			files = (
				B9B4079B231256F300004756 /* LaunchScreen.storyboard in Resources */,
				B9B40798231256F300004756 /* Assets.xcassets in Resources */,
				B9B40796231256F100004756 /* Main.storyboard in Resources */,
			);
			runOnlyForDeploymentPostprocessing = 0;
		};
		B9B4079F231256F300004756 /* Resources */ = {
			isa = PBXResourcesBuildPhase;
			buildActionMask = 2147483647;
			files = (
			);
			runOnlyForDeploymentPostprocessing = 0;
		};
		B9B407AA231256F300004756 /* Resources */ = {
			isa = PBXResourcesBuildPhase;
			buildActionMask = 2147483647;
			files = (
			);
			runOnlyForDeploymentPostprocessing = 0;
		};
/* End PBXResourcesBuildPhase section */

/* Begin PBXSourcesBuildPhase section */
		B9B40789231256F100004756 /* Sources */ = {
			isa = PBXSourcesBuildPhase;
			buildActionMask = 2147483647;
			files = (
				B9B40793231256F100004756 /* ViewController.swift in Sources */,
				B931AE232314157C002846C1 /* Concentration.swift in Sources */,
				B931AE21231413FD002846C1 /* Card.swift in Sources */,
				B9B40791231256F100004756 /* AppDelegate.swift in Sources */,
			);
			runOnlyForDeploymentPostprocessing = 0;
		};
		B9B4079D231256F300004756 /* Sources */ = {
			isa = PBXSourcesBuildPhase;
			buildActionMask = 2147483647;
			files = (
				B9B407A6231256F300004756 /* concentrationTests.swift in Sources */,
			);
			runOnlyForDeploymentPostprocessing = 0;
		};
		B9B407A8231256F300004756 /* Sources */ = {
			isa = PBXSourcesBuildPhase;
			buildActionMask = 2147483647;
			files = (
				B9B407B1231256F300004756 /* concentrationUITests.swift in Sources */,
			);
			runOnlyForDeploymentPostprocessing = 0;
		};
/* End PBXSourcesBuildPhase section */

/* Begin PBXTargetDependency section */
		B9B407A3231256F300004756 /* PBXTargetDependency */ = {
			isa = PBXTargetDependency;
			target = B9B4078C231256F100004756 /* concentration */;
			targetProxy = B9B407A2231256F300004756 /* PBXContainerItemProxy */;
		};
		B9B407AE231256F300004756 /* PBXTargetDependency */ = {
			isa = PBXTargetDependency;
			target = B9B4078C231256F100004756 /* concentration */;
			targetProxy = B9B407AD231256F300004756 /* PBXContainerItemProxy */;
		};
/* End PBXTargetDependency section */

/* Begin PBXVariantGroup section */
		B9B40794231256F100004756 /* Main.storyboard */ = {
			isa = PBXVariantGroup;
			children = (
				B9B40795231256F100004756 /* Base */,
			);
			name = Main.storyboard;
			sourceTree = "<group>";
		};
		B9B40799231256F300004756 /* LaunchScreen.storyboard */ = {
			isa = PBXVariantGroup;
			children = (
				B9B4079A231256F300004756 /* Base */,
			);
			name = LaunchScreen.storyboard;
			sourceTree = "<group>";
		};
/* End PBXVariantGroup section */

/* Begin XCBuildConfiguration section */
		B9B407B3231256F300004756 /* Debug */ = {
			isa = XCBuildConfiguration;
			buildSettings = {
				ALWAYS_SEARCH_USER_PATHS = NO;
				CLANG_ANALYZER_NONNULL = YES;
				CLANG_ANALYZER_NUMBER_OBJECT_CONVERSION = YES_AGGRESSIVE;
				CLANG_CXX_LANGUAGE_STANDARD = "gnu++14";
				CLANG_CXX_LIBRARY = "libc++";
				CLANG_ENABLE_MODULES = YES;
				CLANG_ENABLE_OBJC_ARC = YES;
				CLANG_ENABLE_OBJC_WEAK = YES;
				CLANG_WARN_BLOCK_CAPTURE_AUTORELEASING = YES;
				CLANG_WARN_BOOL_CONVERSION = YES;
				CLANG_WARN_COMMA = YES;
				CLANG_WARN_CONSTANT_CONVERSION = YES;
				CLANG_WARN_DEPRECATED_OBJC_IMPLEMENTATIONS = YES;
				CLANG_WARN_DIRECT_OBJC_ISA_USAGE = YES_ERROR;
				CLANG_WARN_DOCUMENTATION_COMMENTS = YES;
				CLANG_WARN_EMPTY_BODY = YES;
				CLANG_WARN_ENUM_CONVERSION = YES;
				CLANG_WARN_INFINITE_RECURSION = YES;
				CLANG_WARN_INT_CONVERSION = YES;
				CLANG_WARN_NON_LITERAL_NULL_CONVERSION = YES;
				CLANG_WARN_OBJC_IMPLICIT_RETAIN_SELF = YES;
				CLANG_WARN_OBJC_LITERAL_CONVERSION = YES;
				CLANG_WARN_OBJC_ROOT_CLASS = YES_ERROR;
				CLANG_WARN_RANGE_LOOP_ANALYSIS = YES;
				CLANG_WARN_STRICT_PROTOTYPES = YES;
				CLANG_WARN_SUSPICIOUS_MOVE = YES;
				CLANG_WARN_UNGUARDED_AVAILABILITY = YES_AGGRESSIVE;
				CLANG_WARN_UNREACHABLE_CODE = YES;
				CLANG_WARN__DUPLICATE_METHOD_MATCH = YES;
				CODE_SIGN_IDENTITY = "iPhone Developer";
				COPY_PHASE_STRIP = NO;
				DEBUG_INFORMATION_FORMAT = dwarf;
				ENABLE_STRICT_OBJC_MSGSEND = YES;
				ENABLE_TESTABILITY = YES;
				GCC_C_LANGUAGE_STANDARD = gnu11;
				GCC_DYNAMIC_NO_PIC = NO;
				GCC_NO_COMMON_BLOCKS = YES;
				GCC_OPTIMIZATION_LEVEL = 0;
				GCC_PREPROCESSOR_DEFINITIONS = (
					"DEBUG=1",
					"$(inherited)",
				);
				GCC_WARN_64_TO_32_BIT_CONVERSION = YES;
				GCC_WARN_ABOUT_RETURN_TYPE = YES_ERROR;
				GCC_WARN_UNDECLARED_SELECTOR = YES;
				GCC_WARN_UNINITIALIZED_AUTOS = YES_AGGRESSIVE;
				GCC_WARN_UNUSED_FUNCTION = YES;
				GCC_WARN_UNUSED_VARIABLE = YES;
				IPHONEOS_DEPLOYMENT_TARGET = 12.1;
				MTL_ENABLE_DEBUG_INFO = INCLUDE_SOURCE;
				MTL_FAST_MATH = YES;
				ONLY_ACTIVE_ARCH = YES;
				SDKROOT = iphoneos;
				SWIFT_ACTIVE_COMPILATION_CONDITIONS = DEBUG;
				SWIFT_OPTIMIZATION_LEVEL = "-Onone";
			};
			name = Debug;
		};
		B9B407B4231256F300004756 /* Release */ = {
			isa = XCBuildConfiguration;
			buildSettings = {
				ALWAYS_SEARCH_USER_PATHS = NO;
				CLANG_ANALYZER_NONNULL = YES;
				CLANG_ANALYZER_NUMBER_OBJECT_CONVERSION = YES_AGGRESSIVE;
				CLANG_CXX_LANGUAGE_STANDARD = "gnu++14";
				CLANG_CXX_LIBRARY = "libc++";
				CLANG_ENABLE_MODULES = YES;
				CLANG_ENABLE_OBJC_ARC = YES;
				CLANG_ENABLE_OBJC_WEAK = YES;
				CLANG_WARN_BLOCK_CAPTURE_AUTORELEASING = YES;
				CLANG_WARN_BOOL_CONVERSION = YES;
				CLANG_WARN_COMMA = YES;
				CLANG_WARN_CONSTANT_CONVERSION = YES;
				CLANG_WARN_DEPRECATED_OBJC_IMPLEMENTATIONS = YES;
				CLANG_WARN_DIRECT_OBJC_ISA_USAGE = YES_ERROR;
				CLANG_WARN_DOCUMENTATION_COMMENTS = YES;
				CLANG_WARN_EMPTY_BODY = YES;
				CLANG_WARN_ENUM_CONVERSION = YES;
				CLANG_WARN_INFINITE_RECURSION = YES;
				CLANG_WARN_INT_CONVERSION = YES;
				CLANG_WARN_NON_LITERAL_NULL_CONVERSION = YES;
				CLANG_WARN_OBJC_IMPLICIT_RETAIN_SELF = YES;
				CLANG_WARN_OBJC_LITERAL_CONVERSION = YES;
				CLANG_WARN_OBJC_ROOT_CLASS = YES_ERROR;
				CLANG_WARN_RANGE_LOOP_ANALYSIS = YES;
				CLANG_WARN_STRICT_PROTOTYPES = YES;
				CLANG_WARN_SUSPICIOUS_MOVE = YES;
				CLANG_WARN_UNGUARDED_AVAILABILITY = YES_AGGRESSIVE;
				CLANG_WARN_UNREACHABLE_CODE = YES;
				CLANG_WARN__DUPLICATE_METHOD_MATCH = YES;
				CODE_SIGN_IDENTITY = "iPhone Developer";
				COPY_PHASE_STRIP = NO;
				DEBUG_INFORMATION_FORMAT = "dwarf-with-dsym";
				ENABLE_NS_ASSERTIONS = NO;
				ENABLE_STRICT_OBJC_MSGSEND = YES;
				GCC_C_LANGUAGE_STANDARD = gnu11;
				GCC_NO_COMMON_BLOCKS = YES;
				GCC_WARN_64_TO_32_BIT_CONVERSION = YES;
				GCC_WARN_ABOUT_RETURN_TYPE = YES_ERROR;
				GCC_WARN_UNDECLARED_SELECTOR = YES;
				GCC_WARN_UNINITIALIZED_AUTOS = YES_AGGRESSIVE;
				GCC_WARN_UNUSED_FUNCTION = YES;
				GCC_WARN_UNUSED_VARIABLE = YES;
				IPHONEOS_DEPLOYMENT_TARGET = 12.1;
				MTL_ENABLE_DEBUG_INFO = NO;
				MTL_FAST_MATH = YES;
				SDKROOT = iphoneos;
				SWIFT_COMPILATION_MODE = wholemodule;
				SWIFT_OPTIMIZATION_LEVEL = "-O";
				VALIDATE_PRODUCT = YES;
			};
			name = Release;
		};
		B9B407B6231256F300004756 /* Debug */ = {
			isa = XCBuildConfiguration;
			buildSettings = {
				ASSETCATALOG_COMPILER_APPICON_NAME = AppIcon;
				CODE_SIGN_STYLE = Automatic;
				DEVELOPMENT_TEAM = E49JLMQVZA;
				INFOPLIST_FILE = concentration/Info.plist;
				LD_RUNPATH_SEARCH_PATHS = (
					"$(inherited)",
					"@executable_path/Frameworks",
				);
				PRODUCT_BUNDLE_IDENTIFIER = com.rexih.ios.concentration;
				PRODUCT_NAME = "$(TARGET_NAME)";
				SWIFT_VERSION = 4.2;
				TARGETED_DEVICE_FAMILY = "1,2";
			};
			name = Debug;
		};
		B9B407B7231256F300004756 /* Release */ = {
			isa = XCBuildConfiguration;
			buildSettings = {
				ASSETCATALOG_COMPILER_APPICON_NAME = AppIcon;
				CODE_SIGN_STYLE = Automatic;
				DEVELOPMENT_TEAM = E49JLMQVZA;
				INFOPLIST_FILE = concentration/Info.plist;
				LD_RUNPATH_SEARCH_PATHS = (
					"$(inherited)",
					"@executable_path/Frameworks",
				);
				PRODUCT_BUNDLE_IDENTIFIER = com.rexih.ios.concentration;
				PRODUCT_NAME = "$(TARGET_NAME)";
				SWIFT_VERSION = 4.2;
				TARGETED_DEVICE_FAMILY = "1,2";
			};
			name = Release;
		};
		B9B407B9231256F300004756 /* Debug */ = {
			isa = XCBuildConfiguration;
			buildSettings = {
				ALWAYS_EMBED_SWIFT_STANDARD_LIBRARIES = YES;
				BUNDLE_LOADER = "$(TEST_HOST)";
				CODE_SIGN_STYLE = Automatic;
				DEVELOPMENT_TEAM = E49JLMQVZA;
				INFOPLIST_FILE = concentrationTests/Info.plist;
				LD_RUNPATH_SEARCH_PATHS = (
					"$(inherited)",
					"@executable_path/Frameworks",
					"@loader_path/Frameworks",
				);
				PRODUCT_BUNDLE_IDENTIFIER = com.rexih.ios.concentrationTests;
				PRODUCT_NAME = "$(TARGET_NAME)";
				SWIFT_VERSION = 4.2;
				TARGETED_DEVICE_FAMILY = "1,2";
				TEST_HOST = "$(BUILT_PRODUCTS_DIR)/concentration.app/concentration";
			};
			name = Debug;
		};
		B9B407BA231256F300004756 /* Release */ = {
			isa = XCBuildConfiguration;
			buildSettings = {
				ALWAYS_EMBED_SWIFT_STANDARD_LIBRARIES = YES;
				BUNDLE_LOADER = "$(TEST_HOST)";
				CODE_SIGN_STYLE = Automatic;
				DEVELOPMENT_TEAM = E49JLMQVZA;
				INFOPLIST_FILE = concentrationTests/Info.plist;
				LD_RUNPATH_SEARCH_PATHS = (
					"$(inherited)",
					"@executable_path/Frameworks",
					"@loader_path/Frameworks",
				);
				PRODUCT_BUNDLE_IDENTIFIER = com.rexih.ios.concentrationTests;
				PRODUCT_NAME = "$(TARGET_NAME)";
				SWIFT_VERSION = 4.2;
				TARGETED_DEVICE_FAMILY = "1,2";
				TEST_HOST = "$(BUILT_PRODUCTS_DIR)/concentration.app/concentration";
			};
			name = Release;
		};
		B9B407BC231256F300004756 /* Debug */ = {
			isa = XCBuildConfiguration;
			buildSettings = {
				ALWAYS_EMBED_SWIFT_STANDARD_LIBRARIES = YES;
				CODE_SIGN_STYLE = Automatic;
				DEVELOPMENT_TEAM = E49JLMQVZA;
				INFOPLIST_FILE = concentrationUITests/Info.plist;
				LD_RUNPATH_SEARCH_PATHS = (
					"$(inherited)",
					"@executable_path/Frameworks",
					"@loader_path/Frameworks",
				);
				PRODUCT_BUNDLE_IDENTIFIER = com.rexih.ios.concentrationUITests;
				PRODUCT_NAME = "$(TARGET_NAME)";
				SWIFT_VERSION = 4.2;
				TARGETED_DEVICE_FAMILY = "1,2";
				TEST_TARGET_NAME = concentration;
			};
			name = Debug;
		};
		B9B407BD231256F300004756 /* Release */ = {
			isa = XCBuildConfiguration;
			buildSettings = {
				ALWAYS_EMBED_SWIFT_STANDARD_LIBRARIES = YES;
				CODE_SIGN_STYLE = Automatic;
				DEVELOPMENT_TEAM = E49JLMQVZA;
				INFOPLIST_FILE = concentrationUITests/Info.plist;
				LD_RUNPATH_SEARCH_PATHS = (
					"$(inherited)",
					"@executable_path/Frameworks",
					"@loader_path/Frameworks",
				);
				PRODUCT_BUNDLE_IDENTIFIER = com.rexih.ios.concentrationUITests;
				PRODUCT_NAME = "$(TARGET_NAME)";
				SWIFT_VERSION = 4.2;
				TARGETED_DEVICE_FAMILY = "1,2";
				TEST_TARGET_NAME = concentration;
			};
			name = Release;
		};
/* End XCBuildConfiguration section */

/* Begin XCConfigurationList section */
		B9B40788231256F100004756 /* Build configuration list for PBXProject "concentration" */ = {
			isa = XCConfigurationList;
			buildConfigurations = (
				B9B407B3231256F300004756 /* Debug */,
				B9B407B4231256F300004756 /* Release */,
			);
			defaultConfigurationIsVisible = 0;
			defaultConfigurationName = Release;
		};
		B9B407B5231256F300004756 /* Build configuration list for PBXNativeTarget "concentration" */ = {
			isa = XCConfigurationList;
			buildConfigurations = (
				B9B407B6231256F300004756 /* Debug */,
				B9B407B7231256F300004756 /* Release */,
			);
			defaultConfigurationIsVisible = 0;
			defaultConfigurationName = Release;
		};
		B9B407B8231256F300004756 /* Build configuration list for PBXNativeTarget "concentrationTests" */ = {
			isa = XCConfigurationList;
			buildConfigurations = (
				B9B407B9231256F300004756 /* Debug */,
				B9B407BA231256F300004756 /* Release */,
			);
			defaultConfigurationIsVisible = 0;
			defaultConfigurationName = Release;
		};
		B9B407BB231256F300004756 /* Build configuration list for PBXNativeTarget "concentrationUITests" */ = {
			isa = XCConfigurationList;
			buildConfigurations = (
				B9B407BC231256F300004756 /* Debug */,
				B9B407BD231256F300004756 /* Release */,
			);
			defaultConfigurationIsVisible = 0;
			defaultConfigurationName = Release;
		};
/* End XCConfigurationList section */
	};
	rootObject = B9B40785231256F100004756 /* Project object */;
}
